
Microsoft Visual Studio Solution File, Format Version 12.00
# Visual Studio Version 17
VisualStudioVersion = 17.9.34902.65
MinimumVisualStudioVersion = 10.0.40219.1
Project("{FAE04EC0-301F-11D3-BF4B-00C04F79EFBC}") = "Assignment 7.1.1 Selection Sort Algorithm", "Assignment 7.1.1 Selection Sort Algorithm.csproj", "{58AB4E9A-8291-4396-A572-8E02AE1B9AC3}"
EndProject
Global
	GlobalSection(SolutionConfigurationPlatforms) = preSolution
		Debug|Any CPU = Debug|Any CPU
		Release|Any CPU = Release|Any CPU
	EndGlobalSection
	GlobalSection(ProjectConfigurationPlatforms) = postSolution
		{58AB4E9A-8291-4396-A572-8E02AE1B9AC3}.Debug|Any CPU.ActiveCfg = Debug|Any CPU
		{58AB4E9A-8291-4396-A572-8E02AE1B9AC3}.Debug|Any CPU.Build.0 = Debug|Any CPU
		{58AB4E9A-8291-4396-A572-8E02AE1B9AC3}.Release|Any CPU.ActiveCfg = Release|Any CPU
		{58AB4E9A-8291-4396-A572-8E02AE1B9AC3}.Release|Any CPU.Build.0 = Release|Any CPU
	EndGlobalSection
	GlobalSection(SolutionProperties) = preSolution
		HideSolutionNode = FALSE
	EndGlobalSection
	GlobalSection(ExtensibilityGlobals) = postSolution
		SolutionGuid = {A586BFED-2FAB-4CDA-984C-5165EBE3E7BE}
	EndGlobalSection
EndGlobal
